
Microsoft Visual Studio Solution File, Format Version 12.00
# Visual Studio Version 16
VisualStudioVersion = 16.0.32002.261
MinimumVisualStudioVersion = 10.0.40219.1
Project("{FAE04EC0-301F-11D3-BF4B-00C04F79EFBC}") = "InsightecGrid", "InsightecGrid\InsightecGrid.csproj", "{9F932D43-A525-40E9-B598-ECF301C51E76}"
EndProject
Global
	GlobalSection(SolutionConfigurationPlatforms) = preSolution
		Debug|Any CPU = Debug|Any CPU
		Release|Any CPU = Release|Any CPU
	EndGlobalSection
	GlobalSection(ProjectConfigurationPlatforms) = postSolution
		{9F932D43-A525-40E9-B598-ECF301C51E76}.Debug|Any CPU.ActiveCfg = Debug|Any CPU
		{9F932D43-A525-40E9-B598-ECF301C51E76}.Debug|Any CPU.Build.0 = Debug|Any CPU
		{9F932D43-A525-40E9-B598-ECF301C51E76}.Release|Any CPU.ActiveCfg = Release|Any CPU
		{9F932D43-A525-40E9-B598-ECF301C51E76}.Release|Any CPU.Build.0 = Release|Any CPU
	EndGlobalSection
	GlobalSection(SolutionProperties) = preSolution
		HideSolutionNode = FALSE
	EndGlobalSection
	GlobalSection(ExtensibilityGlobals) = postSolution
		SolutionGuid = {E087AD21-2F63-4421-9108-EF6C2FB67CA5}
	EndGlobalSection
EndGlobal
