
Microsoft Visual Studio Solution File, Format Version 12.00
# Visual Studio 14
VisualStudioVersion = 14.0.25420.1
MinimumVisualStudioVersion = 10.0.40219.1
Project("{FAE04EC0-301F-11D3-BF4B-00C04F79EFBC}") = "Ws.Extensions", "Extensions\Ws.Extensions.csproj", "{79B49F0D-DF9C-4C4F-8169-0686352589E1}"
EndProject
Project("{FAE04EC0-301F-11D3-BF4B-00C04F79EFBC}") = "Ws.Extensions.Mvvm", "Extensions.Mvvm\Ws.Extensions.Mvvm.csproj", "{037089E8-5112-4347-B5B4-FA84693DDA9D}"
EndProject
Project("{FAE04EC0-301F-11D3-BF4B-00C04F79EFBC}") = "Ws.Extensions.UI.Wpf", "Extensions.Wpf\Ws.Extensions.UI.Wpf.csproj", "{31B8A50F-7C39-4903-8D27-4F07ED22726A}"
EndProject
Project("{FAE04EC0-301F-11D3-BF4B-00C04F79EFBC}") = "Ws.Fus.UI.Assets.Wpf", "Ws.Fus.UI.Assets.Wpf\Ws.Fus.UI.Assets.Wpf.csproj", "{5F4A6C6F-9C99-4588-BAFE-F26B9FA43A6C}"
EndProject
Project("{FAE04EC0-301F-11D3-BF4B-00C04F79EFBC}") = "Ws.Fus.ImageViewer.UI.Wpf", "Ws.Fus.ImageViewer.UI.Wpf\Ws.Fus.ImageViewer.UI.Wpf.csproj", "{BA3A5528-AA5A-49EC-B5F5-3AF32F79EEDF}"
EndProject
Project("{FAE04EC0-301F-11D3-BF4B-00C04F79EFBC}") = "WpfUI", "WpfUI\WpfUI.csproj", "{7DCC5F46-0DF8-4A97-860D-249B7675CEA0}"
EndProject
Project("{FAE04EC0-301F-11D3-BF4B-00C04F79EFBC}") = "Ws.Fus.Treatment.UI.Wpf", "Ws.Fus.Treatment.UI.Wpf\Ws.Fus.Treatment.UI.Wpf.csproj", "{B6464E2D-4E9F-438B-8BDA-F747091DE660}"
EndProject
Project("{FAE04EC0-301F-11D3-BF4B-00C04F79EFBC}") = "Ws.Fus.UI.Wpf", "Fus.Wpf\Ws.Fus.UI.Wpf.csproj", "{8E4A847E-2E40-4F5F-AD62-77220F10FB6F}"
EndProject
Project("{FAE04EC0-301F-11D3-BF4B-00C04F79EFBC}") = "Ws.Fus.ImageViewer.Interfaces", "Ws.Fus.ImageViewer.Interfaces\Ws.Fus.ImageViewer.Interfaces.csproj", "{490AB4AA-3706-4137-AFC6-0877B435D6B1}"
EndProject
Project("{FAE04EC0-301F-11D3-BF4B-00C04F79EFBC}") = "Ws.Fus.Mr.UI.Wpf", "Ws.Fus.Mr.UI.Wpf\Ws.Fus.Mr.UI.Wpf.csproj", "{217EB230-D3A1-4F95-A2E5-F427A3257092}"
EndProject
Project("{FAE04EC0-301F-11D3-BF4B-00C04F79EFBC}") = "Ws.Fus.UI.Navigation.Wpf", "Ws.Fus.UI.Navigation.Wpf\Ws.Fus.UI.Navigation.Wpf.csproj", "{E0022A5E-B480-4FB9-81A6-0B3317DBDFF0}"
EndProject
Project("{FAE04EC0-301F-11D3-BF4B-00C04F79EFBC}") = "Ws.Fus.Surgical.UI.Wpf", "Ws.Fus.Surgical.UI.Wpf\Ws.Fus.Surgical.UI.Wpf.csproj", "{45EEB77B-1BCF-439A-8DCB-6570010281AF}"
EndProject
Project("{FAE04EC0-301F-11D3-BF4B-00C04F79EFBC}") = "Ws.Fus.Reports.UI.Wpf", "Ws.Fus.Reports.UI.Wpf\Ws.Fus.Reports.UI.Wpf.csproj", "{17C709FA-80A2-420E-822E-D00916DF23F8}"
EndProject
Global
	GlobalSection(SolutionConfigurationPlatforms) = preSolution
		Debug|Any CPU = Debug|Any CPU
		Debug|x64 = Debug|x64
		Debug|x86 = Debug|x86
		Release|Any CPU = Release|Any CPU
		Release|x64 = Release|x64
		Release|x86 = Release|x86
	EndGlobalSection
	GlobalSection(ProjectConfigurationPlatforms) = postSolution
		{79B49F0D-DF9C-4C4F-8169-0686352589E1}.Debug|Any CPU.ActiveCfg = Debug|Any CPU
		{79B49F0D-DF9C-4C4F-8169-0686352589E1}.Debug|Any CPU.Build.0 = Debug|Any CPU
		{79B49F0D-DF9C-4C4F-8169-0686352589E1}.Debug|x64.ActiveCfg = Debug|Any CPU
		{79B49F0D-DF9C-4C4F-8169-0686352589E1}.Debug|x64.Build.0 = Debug|Any CPU
		{79B49F0D-DF9C-4C4F-8169-0686352589E1}.Debug|x86.ActiveCfg = Debug|Any CPU
		{79B49F0D-DF9C-4C4F-8169-0686352589E1}.Debug|x86.Build.0 = Debug|Any CPU
		{79B49F0D-DF9C-4C4F-8169-0686352589E1}.Release|Any CPU.ActiveCfg = Release|Any CPU
		{79B49F0D-DF9C-4C4F-8169-0686352589E1}.Release|Any CPU.Build.0 = Release|Any CPU
		{79B49F0D-DF9C-4C4F-8169-0686352589E1}.Release|x64.ActiveCfg = Release|Any CPU
		{79B49F0D-DF9C-4C4F-8169-0686352589E1}.Release|x64.Build.0 = Release|Any CPU
		{79B49F0D-DF9C-4C4F-8169-0686352589E1}.Release|x86.ActiveCfg = Release|Any CPU
		{79B49F0D-DF9C-4C4F-8169-0686352589E1}.Release|x86.Build.0 = Release|Any CPU
		{037089E8-5112-4347-B5B4-FA84693DDA9D}.Debug|Any CPU.ActiveCfg = Debug|Any CPU
		{037089E8-5112-4347-B5B4-FA84693DDA9D}.Debug|Any CPU.Build.0 = Debug|Any CPU
		{037089E8-5112-4347-B5B4-FA84693DDA9D}.Debug|x64.ActiveCfg = Debug|Any CPU
		{037089E8-5112-4347-B5B4-FA84693DDA9D}.Debug|x64.Build.0 = Debug|Any CPU
		{037089E8-5112-4347-B5B4-FA84693DDA9D}.Debug|x86.ActiveCfg = Debug|Any CPU
		{037089E8-5112-4347-B5B4-FA84693DDA9D}.Debug|x86.Build.0 = Debug|Any CPU
		{037089E8-5112-4347-B5B4-FA84693DDA9D}.Release|Any CPU.ActiveCfg = Release|Any CPU
		{037089E8-5112-4347-B5B4-FA84693DDA9D}.Release|Any CPU.Build.0 = Release|Any CPU
		{037089E8-5112-4347-B5B4-FA84693DDA9D}.Release|x64.ActiveCfg = Release|Any CPU
		{037089E8-5112-4347-B5B4-FA84693DDA9D}.Release|x64.Build.0 = Release|Any CPU
		{037089E8-5112-4347-B5B4-FA84693DDA9D}.Release|x86.ActiveCfg = Release|Any CPU
		{037089E8-5112-4347-B5B4-FA84693DDA9D}.Release|x86.Build.0 = Release|Any CPU
		{31B8A50F-7C39-4903-8D27-4F07ED22726A}.Debug|Any CPU.ActiveCfg = Debug|Any CPU
		{31B8A50F-7C39-4903-8D27-4F07ED22726A}.Debug|Any CPU.Build.0 = Debug|Any CPU
		{31B8A50F-7C39-4903-8D27-4F07ED22726A}.Debug|x64.ActiveCfg = Debug|Any CPU
		{31B8A50F-7C39-4903-8D27-4F07ED22726A}.Debug|x64.Build.0 = Debug|Any CPU
		{31B8A50F-7C39-4903-8D27-4F07ED22726A}.Debug|x86.ActiveCfg = Debug|Any CPU
		{31B8A50F-7C39-4903-8D27-4F07ED22726A}.Debug|x86.Build.0 = Debug|Any CPU
		{31B8A50F-7C39-4903-8D27-4F07ED22726A}.Release|Any CPU.ActiveCfg = Release|Any CPU
		{31B8A50F-7C39-4903-8D27-4F07ED22726A}.Release|Any CPU.Build.0 = Release|Any CPU
		{31B8A50F-7C39-4903-8D27-4F07ED22726A}.Release|x64.ActiveCfg = Release|Any CPU
		{31B8A50F-7C39-4903-8D27-4F07ED22726A}.Release|x64.Build.0 = Release|Any CPU
		{31B8A50F-7C39-4903-8D27-4F07ED22726A}.Release|x86.ActiveCfg = Release|Any CPU
		{31B8A50F-7C39-4903-8D27-4F07ED22726A}.Release|x86.Build.0 = Release|Any CPU
		{5F4A6C6F-9C99-4588-BAFE-F26B9FA43A6C}.Debug|Any CPU.ActiveCfg = Debug|Any CPU
		{5F4A6C6F-9C99-4588-BAFE-F26B9FA43A6C}.Debug|Any CPU.Build.0 = Debug|Any CPU
		{5F4A6C6F-9C99-4588-BAFE-F26B9FA43A6C}.Debug|x64.ActiveCfg = Debug|Any CPU
		{5F4A6C6F-9C99-4588-BAFE-F26B9FA43A6C}.Debug|x64.Build.0 = Debug|Any CPU
		{5F4A6C6F-9C99-4588-BAFE-F26B9FA43A6C}.Debug|x86.ActiveCfg = Debug|Any CPU
		{5F4A6C6F-9C99-4588-BAFE-F26B9FA43A6C}.Debug|x86.Build.0 = Debug|Any CPU
		{5F4A6C6F-9C99-4588-BAFE-F26B9FA43A6C}.Release|Any CPU.ActiveCfg = Release|Any CPU
		{5F4A6C6F-9C99-4588-BAFE-F26B9FA43A6C}.Release|Any CPU.Build.0 = Release|Any CPU
		{5F4A6C6F-9C99-4588-BAFE-F26B9FA43A6C}.Release|x64.ActiveCfg = Release|Any CPU
		{5F4A6C6F-9C99-4588-BAFE-F26B9FA43A6C}.Release|x64.Build.0 = Release|Any CPU
		{5F4A6C6F-9C99-4588-BAFE-F26B9FA43A6C}.Release|x86.ActiveCfg = Release|Any CPU
		{5F4A6C6F-9C99-4588-BAFE-F26B9FA43A6C}.Release|x86.Build.0 = Release|Any CPU
		{BA3A5528-AA5A-49EC-B5F5-3AF32F79EEDF}.Debug|Any CPU.ActiveCfg = Debug|Any CPU
		{BA3A5528-AA5A-49EC-B5F5-3AF32F79EEDF}.Debug|Any CPU.Build.0 = Debug|Any CPU
		{BA3A5528-AA5A-49EC-B5F5-3AF32F79EEDF}.Debug|x64.ActiveCfg = Debug|Any CPU
		{BA3A5528-AA5A-49EC-B5F5-3AF32F79EEDF}.Debug|x64.Build.0 = Debug|Any CPU
		{BA3A5528-AA5A-49EC-B5F5-3AF32F79EEDF}.Debug|x86.ActiveCfg = Debug|Any CPU
		{BA3A5528-AA5A-49EC-B5F5-3AF32F79EEDF}.Debug|x86.Build.0 = Debug|Any CPU
		{BA3A5528-AA5A-49EC-B5F5-3AF32F79EEDF}.Release|Any CPU.ActiveCfg = Release|Any CPU
		{BA3A5528-AA5A-49EC-B5F5-3AF32F79EEDF}.Release|Any CPU.Build.0 = Release|Any CPU
		{BA3A5528-AA5A-49EC-B5F5-3AF32F79EEDF}.Release|x64.ActiveCfg = Release|Any CPU
		{BA3A5528-AA5A-49EC-B5F5-3AF32F79EEDF}.Release|x64.Build.0 = Release|Any CPU
		{BA3A5528-AA5A-49EC-B5F5-3AF32F79EEDF}.Release|x86.ActiveCfg = Release|Any CPU
		{BA3A5528-AA5A-49EC-B5F5-3AF32F79EEDF}.Release|x86.Build.0 = Release|Any CPU
		{7DCC5F46-0DF8-4A97-860D-249B7675CEA0}.Debug|Any CPU.ActiveCfg = Debug|Any CPU
		{7DCC5F46-0DF8-4A97-860D-249B7675CEA0}.Debug|Any CPU.Build.0 = Debug|Any CPU
		{7DCC5F46-0DF8-4A97-860D-249B7675CEA0}.Debug|x64.ActiveCfg = Debug|Any CPU
		{7DCC5F46-0DF8-4A97-860D-249B7675CEA0}.Debug|x64.Build.0 = Debug|Any CPU
		{7DCC5F46-0DF8-4A97-860D-249B7675CEA0}.Debug|x86.ActiveCfg = Debug|Any CPU
		{7DCC5F46-0DF8-4A97-860D-249B7675CEA0}.Debug|x86.Build.0 = Debug|Any CPU
		{7DCC5F46-0DF8-4A97-860D-249B7675CEA0}.Release|Any CPU.ActiveCfg = Release|Any CPU
		{7DCC5F46-0DF8-4A97-860D-249B7675CEA0}.Release|Any CPU.Build.0 = Release|Any CPU
		{7DCC5F46-0DF8-4A97-860D-249B7675CEA0}.Release|x64.ActiveCfg = Release|Any CPU
		{7DCC5F46-0DF8-4A97-860D-249B7675CEA0}.Release|x64.Build.0 = Release|Any CPU
		{7DCC5F46-0DF8-4A97-860D-249B7675CEA0}.Release|x86.ActiveCfg = Release|Any CPU
		{7DCC5F46-0DF8-4A97-860D-249B7675CEA0}.Release|x86.Build.0 = Release|Any CPU
		{B6464E2D-4E9F-438B-8BDA-F747091DE660}.Debug|Any CPU.ActiveCfg = Debug|Any CPU
		{B6464E2D-4E9F-438B-8BDA-F747091DE660}.Debug|Any CPU.Build.0 = Debug|Any CPU
		{B6464E2D-4E9F-438B-8BDA-F747091DE660}.Debug|x64.ActiveCfg = Debug|Any CPU
		{B6464E2D-4E9F-438B-8BDA-F747091DE660}.Debug|x64.Build.0 = Debug|Any CPU
		{B6464E2D-4E9F-438B-8BDA-F747091DE660}.Debug|x86.ActiveCfg = Debug|Any CPU
		{B6464E2D-4E9F-438B-8BDA-F747091DE660}.Debug|x86.Build.0 = Debug|Any CPU
		{B6464E2D-4E9F-438B-8BDA-F747091DE660}.Release|Any CPU.ActiveCfg = Release|Any CPU
		{B6464E2D-4E9F-438B-8BDA-F747091DE660}.Release|Any CPU.Build.0 = Release|Any CPU
		{B6464E2D-4E9F-438B-8BDA-F747091DE660}.Release|x64.ActiveCfg = Release|Any CPU
		{B6464E2D-4E9F-438B-8BDA-F747091DE660}.Release|x64.Build.0 = Release|Any CPU
		{B6464E2D-4E9F-438B-8BDA-F747091DE660}.Release|x86.ActiveCfg = Release|Any CPU
		{B6464E2D-4E9F-438B-8BDA-F747091DE660}.Release|x86.Build.0 = Release|Any CPU
		{8E4A847E-2E40-4F5F-AD62-77220F10FB6F}.Debug|Any CPU.ActiveCfg = Debug|Any CPU
		{8E4A847E-2E40-4F5F-AD62-77220F10FB6F}.Debug|Any CPU.Build.0 = Debug|Any CPU
		{8E4A847E-2E40-4F5F-AD62-77220F10FB6F}.Debug|x64.ActiveCfg = Debug|Any CPU
		{8E4A847E-2E40-4F5F-AD62-77220F10FB6F}.Debug|x64.Build.0 = Debug|Any CPU
		{8E4A847E-2E40-4F5F-AD62-77220F10FB6F}.Debug|x86.ActiveCfg = Debug|Any CPU
		{8E4A847E-2E40-4F5F-AD62-77220F10FB6F}.Debug|x86.Build.0 = Debug|Any CPU
		{8E4A847E-2E40-4F5F-AD62-77220F10FB6F}.Release|Any CPU.ActiveCfg = Release|Any CPU
		{8E4A847E-2E40-4F5F-AD62-77220F10FB6F}.Release|Any CPU.Build.0 = Release|Any CPU
		{8E4A847E-2E40-4F5F-AD62-77220F10FB6F}.Release|x64.ActiveCfg = Release|Any CPU
		{8E4A847E-2E40-4F5F-AD62-77220F10FB6F}.Release|x64.Build.0 = Release|Any CPU
		{8E4A847E-2E40-4F5F-AD62-77220F10FB6F}.Release|x86.ActiveCfg = Release|Any CPU
		{8E4A847E-2E40-4F5F-AD62-77220F10FB6F}.Release|x86.Build.0 = Release|Any CPU
		{490AB4AA-3706-4137-AFC6-0877B435D6B1}.Debug|Any CPU.ActiveCfg = Debug|Any CPU
		{490AB4AA-3706-4137-AFC6-0877B435D6B1}.Debug|Any CPU.Build.0 = Debug|Any CPU
		{490AB4AA-3706-4137-AFC6-0877B435D6B1}.Debug|x64.ActiveCfg = Debug|Any CPU
		{490AB4AA-3706-4137-AFC6-0877B435D6B1}.Debug|x64.Build.0 = Debug|Any CPU
		{490AB4AA-3706-4137-AFC6-0877B435D6B1}.Debug|x86.ActiveCfg = Debug|Any CPU
		{490AB4AA-3706-4137-AFC6-0877B435D6B1}.Debug|x86.Build.0 = Debug|Any CPU
		{490AB4AA-3706-4137-AFC6-0877B435D6B1}.Release|Any CPU.ActiveCfg = Release|Any CPU
		{490AB4AA-3706-4137-AFC6-0877B435D6B1}.Release|Any CPU.Build.0 = Release|Any CPU
		{490AB4AA-3706-4137-AFC6-0877B435D6B1}.Release|x64.ActiveCfg = Release|Any CPU
		{490AB4AA-3706-4137-AFC6-0877B435D6B1}.Release|x64.Build.0 = Release|Any CPU
		{490AB4AA-3706-4137-AFC6-0877B435D6B1}.Release|x86.ActiveCfg = Release|Any CPU
		{490AB4AA-3706-4137-AFC6-0877B435D6B1}.Release|x86.Build.0 = Release|Any CPU
		{217EB230-D3A1-4F95-A2E5-F427A3257092}.Debug|Any CPU.ActiveCfg = Debug|Any CPU
		{217EB230-D3A1-4F95-A2E5-F427A3257092}.Debug|Any CPU.Build.0 = Debug|Any CPU
		{217EB230-D3A1-4F95-A2E5-F427A3257092}.Debug|x64.ActiveCfg = Debug|Any CPU
		{217EB230-D3A1-4F95-A2E5-F427A3257092}.Debug|x64.Build.0 = Debug|Any CPU
		{217EB230-D3A1-4F95-A2E5-F427A3257092}.Debug|x86.ActiveCfg = Debug|Any CPU
		{217EB230-D3A1-4F95-A2E5-F427A3257092}.Debug|x86.Build.0 = Debug|Any CPU
		{217EB230-D3A1-4F95-A2E5-F427A3257092}.Release|Any CPU.ActiveCfg = Release|Any CPU
		{217EB230-D3A1-4F95-A2E5-F427A3257092}.Release|Any CPU.Build.0 = Release|Any CPU
		{217EB230-D3A1-4F95-A2E5-F427A3257092}.Release|x64.ActiveCfg = Release|Any CPU
		{217EB230-D3A1-4F95-A2E5-F427A3257092}.Release|x64.Build.0 = Release|Any CPU
		{217EB230-D3A1-4F95-A2E5-F427A3257092}.Release|x86.ActiveCfg = Release|Any CPU
		{217EB230-D3A1-4F95-A2E5-F427A3257092}.Release|x86.Build.0 = Release|Any CPU
		{E0022A5E-B480-4FB9-81A6-0B3317DBDFF0}.Debug|Any CPU.ActiveCfg = Debug|Any CPU
		{E0022A5E-B480-4FB9-81A6-0B3317DBDFF0}.Debug|Any CPU.Build.0 = Debug|Any CPU
		{E0022A5E-B480-4FB9-81A6-0B3317DBDFF0}.Debug|x64.ActiveCfg = Debug|Any CPU
		{E0022A5E-B480-4FB9-81A6-0B3317DBDFF0}.Debug|x64.Build.0 = Debug|Any CPU
		{E0022A5E-B480-4FB9-81A6-0B3317DBDFF0}.Debug|x86.ActiveCfg = Debug|Any CPU
		{E0022A5E-B480-4FB9-81A6-0B3317DBDFF0}.Debug|x86.Build.0 = Debug|Any CPU
		{E0022A5E-B480-4FB9-81A6-0B3317DBDFF0}.Release|Any CPU.ActiveCfg = Release|Any CPU
		{E0022A5E-B480-4FB9-81A6-0B3317DBDFF0}.Release|Any CPU.Build.0 = Release|Any CPU
		{E0022A5E-B480-4FB9-81A6-0B3317DBDFF0}.Release|x64.ActiveCfg = Release|Any CPU
		{E0022A5E-B480-4FB9-81A6-0B3317DBDFF0}.Release|x64.Build.0 = Release|Any CPU
		{E0022A5E-B480-4FB9-81A6-0B3317DBDFF0}.Release|x86.ActiveCfg = Release|Any CPU
		{E0022A5E-B480-4FB9-81A6-0B3317DBDFF0}.Release|x86.Build.0 = Release|Any CPU
		{45EEB77B-1BCF-439A-8DCB-6570010281AF}.Debug|Any CPU.ActiveCfg = Debug|Any CPU
		{45EEB77B-1BCF-439A-8DCB-6570010281AF}.Debug|Any CPU.Build.0 = Debug|Any CPU
		{45EEB77B-1BCF-439A-8DCB-6570010281AF}.Debug|x64.ActiveCfg = Debug|Any CPU
		{45EEB77B-1BCF-439A-8DCB-6570010281AF}.Debug|x64.Build.0 = Debug|Any CPU
		{45EEB77B-1BCF-439A-8DCB-6570010281AF}.Debug|x86.ActiveCfg = Debug|Any CPU
		{45EEB77B-1BCF-439A-8DCB-6570010281AF}.Debug|x86.Build.0 = Debug|Any CPU
		{45EEB77B-1BCF-439A-8DCB-6570010281AF}.Release|Any CPU.ActiveCfg = Release|Any CPU
		{45EEB77B-1BCF-439A-8DCB-6570010281AF}.Release|Any CPU.Build.0 = Release|Any CPU
		{45EEB77B-1BCF-439A-8DCB-6570010281AF}.Release|x64.ActiveCfg = Release|Any CPU
		{45EEB77B-1BCF-439A-8DCB-6570010281AF}.Release|x64.Build.0 = Release|Any CPU
		{45EEB77B-1BCF-439A-8DCB-6570010281AF}.Release|x86.ActiveCfg = Release|Any CPU
		{45EEB77B-1BCF-439A-8DCB-6570010281AF}.Release|x86.Build.0 = Release|Any CPU
		{17C709FA-80A2-420E-822E-D00916DF23F8}.Debug|Any CPU.ActiveCfg = Debug|Any CPU
		{17C709FA-80A2-420E-822E-D00916DF23F8}.Debug|Any CPU.Build.0 = Debug|Any CPU
		{17C709FA-80A2-420E-822E-D00916DF23F8}.Debug|x64.ActiveCfg = Debug|Any CPU
		{17C709FA-80A2-420E-822E-D00916DF23F8}.Debug|x64.Build.0 = Debug|Any CPU
		{17C709FA-80A2-420E-822E-D00916DF23F8}.Debug|x86.ActiveCfg = Debug|Any CPU
		{17C709FA-80A2-420E-822E-D00916DF23F8}.Debug|x86.Build.0 = Debug|Any CPU
		{17C709FA-80A2-420E-822E-D00916DF23F8}.Release|Any CPU.ActiveCfg = Release|Any CPU
		{17C709FA-80A2-420E-822E-D00916DF23F8}.Release|Any CPU.Build.0 = Release|Any CPU
		{17C709FA-80A2-420E-822E-D00916DF23F8}.Release|x64.ActiveCfg = Release|Any CPU
		{17C709FA-80A2-420E-822E-D00916DF23F8}.Release|x64.Build.0 = Release|Any CPU
		{17C709FA-80A2-420E-822E-D00916DF23F8}.Release|x86.ActiveCfg = Release|Any CPU
		{17C709FA-80A2-420E-822E-D00916DF23F8}.Release|x86.Build.0 = Release|Any CPU
	EndGlobalSection
	GlobalSection(SolutionProperties) = preSolution
		HideSolutionNode = FALSE
	EndGlobalSection
EndGlobal
